{
  "lib/account-abstraction": {
    "tag": {
      "name": "v0.8.0",
      "rev": "4cbc06072cdc19fd60f285c5997f4f7f57a588de"
    }
  },
  "lib/chainlink-brownie-contracts": {
    "tag": {
      "name": "1.1.1",
      "rev": "12393bd475bd60c222ff12e75c0f68effe1bbaaf"
    }
  },
  "lib/forge-std": {
    "tag": {
      "name": "v1.8.2",
      "rev": "978ac6fadb62f5f0b723c996f64be52eddba6801"
    }
  },
  "lib/foundry-devops": {
    "tag": {
      "name": "0.4.0",
      "rev": "efff097a87e70c3d15661c9f2a2daeae0b33d5d5"
    }
  },
  "lib/openzeppelin-contracts": {
    "tag": {
      "name": "v5.4.0",
      "rev": "c64a1edb67b6e3f4a15cca8909c9482ad33a02b0"
    }
  },
  "lib/openzeppelin-contracts-upgradeable": {
    "tag": {
      "name": "v5.4.0",
      "rev": "e725abddf1e01cf05ace496e950fc8e243cc7cab"
    }
  }
}